// !$*UTF8*$!
{
	archiveVersion = 1;
	classes = {
	};
	objectVersion = 46;
	objects = {

/* Begin PBXBuildFile section */
		38EF986FBC515770F3E9EC2B /* libPods-YALCorePlotBlogPost.a in Frameworks */ = {isa = PBXBuildFile; fileRef = 44FAB36247B0AC6DE01C74A5 /* libPods-YALCorePlotBlogPost.a */; };
		3E7A9E1A1A68321D0039F91A /* Foundation.framework in Frameworks */ = {isa = PBXBuildFile; fileRef = 3E7A9E191A68321D0039F91A /* Foundation.framework */; };
		3E7A9E1C1A68321D0039F91A /* CoreGraphics.framework in Frameworks */ = {isa = PBXBuildFile; fileRef = 3E7A9E1B1A68321D0039F91A /* CoreGraphics.framework */; };
		3E7A9E1E1A68321D0039F91A /* UIKit.framework in Frameworks */ = {isa = PBXBuildFile; fileRef = 3E7A9E1D1A68321D0039F91A /* UIKit.framework */; };
		3E7A9E241A68321D0039F91A /* InfoPlist.strings in Resources */ = {isa = PBXBuildFile; fileRef = 3E7A9E221A68321D0039F91A /* InfoPlist.strings */; };
		3E7A9E261A68321D0039F91A /* main.m in Sources */ = {isa = PBXBuildFile; fileRef = 3E7A9E251A68321D0039F91A /* main.m */; };
		3E7A9E321A68321D0039F91A /* Images.xcassets in Resources */ = {isa = PBXBuildFile; fileRef = 3E7A9E311A68321D0039F91A /* Images.xcassets */; };
		3E7A9E391A68321D0039F91A /* XCTest.framework in Frameworks */ = {isa = PBXBuildFile; fileRef = 3E7A9E381A68321D0039F91A /* XCTest.framework */; };
		3E7A9E3A1A68321D0039F91A /* Foundation.framework in Frameworks */ = {isa = PBXBuildFile; fileRef = 3E7A9E191A68321D0039F91A /* Foundation.framework */; };
		3E7A9E3B1A68321D0039F91A /* UIKit.framework in Frameworks */ = {isa = PBXBuildFile; fileRef = 3E7A9E1D1A68321D0039F91A /* UIKit.framework */; };
		3E7A9E431A68321D0039F91A /* InfoPlist.strings in Resources */ = {isa = PBXBuildFile; fileRef = 3E7A9E411A68321D0039F91A /* InfoPlist.strings */; };
		3E7A9E451A68321D0039F91A /* YALCorePlotBlogPostTests.m in Sources */ = {isa = PBXBuildFile; fileRef = 3E7A9E441A68321D0039F91A /* YALCorePlotBlogPostTests.m */; };
		3E8590A61A6A6B9F00C36384 /* YALBarChartView.m in Sources */ = {isa = PBXBuildFile; fileRef = 3E8590A51A6A6B9F00C36384 /* YALBarChartView.m */; };
		3E8590AA1A6A6C6A00C36384 /* YALPieChartView.m in Sources */ = {isa = PBXBuildFile; fileRef = 3E8590A91A6A6C6A00C36384 /* YALPieChartView.m */; };
		3E8590AD1A6A6C7A00C36384 /* YALStackedBarChartView.m in Sources */ = {isa = PBXBuildFile; fileRef = 3E8590AC1A6A6C7A00C36384 /* YALStackedBarChartView.m */; };
		3E8590BF1A6A6DA500C36384 /* YALBarChartViewDataSource.m in Sources */ = {isa = PBXBuildFile; fileRef = 3E8590B11A6A6DA500C36384 /* YALBarChartViewDataSource.m */; };
		3E8590C01A6A6DA500C36384 /* YALPieChartViewDataSource.m in Sources */ = {isa = PBXBuildFile; fileRef = 3E8590B41A6A6DA500C36384 /* YALPieChartViewDataSource.m */; };
		3E8590C11A6A6DA500C36384 /* YALStackedBarChartObject.m in Sources */ = {isa = PBXBuildFile; fileRef = 3E8590B81A6A6DA500C36384 /* YALStackedBarChartObject.m */; };
		3E8590C21A6A6DA500C36384 /* YALStackedBarChartSection.m in Sources */ = {isa = PBXBuildFile; fileRef = 3E8590BA1A6A6DA500C36384 /* YALStackedBarChartSection.m */; };
		3E8590C31A6A6DA500C36384 /* YALStackedBarChartSectionDataSource.m in Sources */ = {isa = PBXBuildFile; fileRef = 3E8590BC1A6A6DA500C36384 /* YALStackedBarChartSectionDataSource.m */; };
		3E8590C41A6A6DA500C36384 /* YALStackedBarChartDataSource.m in Sources */ = {isa = PBXBuildFile; fileRef = 3E8590BE1A6A6DA500C36384 /* YALStackedBarChartDataSource.m */; };
		3E8590C61A6A6E1600C36384 /* YALExercises.plist in Resources */ = {isa = PBXBuildFile; fileRef = 3E8590C51A6A6E1600C36384 /* YALExercises.plist */; };
		3E8590E21A6A743500C36384 /* YALExercise+YALBarChartProtocol.m in Sources */ = {isa = PBXBuildFile; fileRef = 3E8590DD1A6A743500C36384 /* YALExercise+YALBarChartProtocol.m */; };
		3E8590E41A6A743500C36384 /* YALExercise+YALPieChartProtocol.m in Sources */ = {isa = PBXBuildFile; fileRef = 3E8590E11A6A743500C36384 /* YALExercise+YALPieChartProtocol.m */; };
		3E8590E71A6A761C00C36384 /* YALDefaulltDatamporter.m in Sources */ = {isa = PBXBuildFile; fileRef = 3E8590E61A6A761C00C36384 /* YALDefaulltDatamporter.m */; };
		3E8590EA1A6A772300C36384 /* NSDate+YALBeginningAndEndOfTheDay.m in Sources */ = {isa = PBXBuildFile; fileRef = 3E8590E91A6A772300C36384 /* NSDate+YALBeginningAndEndOfTheDay.m */; };
		3E8590ED1A6A774000C36384 /* UIColor+YALColorFromHexString.m in Sources */ = {isa = PBXBuildFile; fileRef = 3E8590EC1A6A774000C36384 /* UIColor+YALColorFromHexString.m */; };
		3E9F5A9A1A6832C8008196E1 /* YALAppDelegate.m in Sources */ = {isa = PBXBuildFile; fileRef = 3E9F5A911A6832C8008196E1 /* YALAppDelegate.m */; };
		3E9F5A9B1A6832C8008196E1 /* Main.storyboard in Resources */ = {isa = PBXBuildFile; fileRef = 3E9F5A971A6832C8008196E1 /* Main.storyboard */; };
		3E9F5ADC1A683353008196E1 /* MagicalImportFunctions.m in Sources */ = {isa = PBXBuildFile; fileRef = 3E9F5AA01A683353008196E1 /* MagicalImportFunctions.m */; };
		3E9F5ADD1A683353008196E1 /* NSAttributeDescription+MagicalDataImport.m in Sources */ = {isa = PBXBuildFile; fileRef = 3E9F5AA21A683353008196E1 /* NSAttributeDescription+MagicalDataImport.m */; };
		3E9F5ADE1A683353008196E1 /* NSEntityDescription+MagicalDataImport.m in Sources */ = {isa = PBXBuildFile; fileRef = 3E9F5AA41A683353008196E1 /* NSEntityDescription+MagicalDataImport.m */; };
		3E9F5ADF1A683353008196E1 /* NSNumber+MagicalDataImport.m in Sources */ = {isa = PBXBuildFile; fileRef = 3E9F5AA61A683353008196E1 /* NSNumber+MagicalDataImport.m */; };
		3E9F5AE01A683353008196E1 /* NSObject+MagicalDataImport.m in Sources */ = {isa = PBXBuildFile; fileRef = 3E9F5AA81A683353008196E1 /* NSObject+MagicalDataImport.m */; };
		3E9F5AE11A683353008196E1 /* NSRelationshipDescription+MagicalDataImport.m in Sources */ = {isa = PBXBuildFile; fileRef = 3E9F5AAA1A683353008196E1 /* NSRelationshipDescription+MagicalDataImport.m */; };
		3E9F5AE21A683353008196E1 /* NSString+MagicalDataImport.m in Sources */ = {isa = PBXBuildFile; fileRef = 3E9F5AAC1A683353008196E1 /* NSString+MagicalDataImport.m */; };
		3E9F5AE31A683353008196E1 /* NSManagedObject+MagicalAggregation.m in Sources */ = {isa = PBXBuildFile; fileRef = 3E9F5AAF1A683353008196E1 /* NSManagedObject+MagicalAggregation.m */; };
		3E9F5AE41A683353008196E1 /* NSManagedObject+MagicalDataImport.m in Sources */ = {isa = PBXBuildFile; fileRef = 3E9F5AB11A683353008196E1 /* NSManagedObject+MagicalDataImport.m */; };
		3E9F5AE51A683353008196E1 /* NSManagedObject+MagicalFinders.m in Sources */ = {isa = PBXBuildFile; fileRef = 3E9F5AB31A683353008196E1 /* NSManagedObject+MagicalFinders.m */; };
		3E9F5AE61A683353008196E1 /* NSManagedObject+MagicalRecord.m in Sources */ = {isa = PBXBuildFile; fileRef = 3E9F5AB51A683353008196E1 /* NSManagedObject+MagicalRecord.m */; };
		3E9F5AE71A683353008196E1 /* NSManagedObject+MagicalRequests.m in Sources */ = {isa = PBXBuildFile; fileRef = 3E9F5AB71A683353008196E1 /* NSManagedObject+MagicalRequests.m */; };
		3E9F5AE81A683353008196E1 /* NSManagedObjectContext+MagicalChainSave.m in Sources */ = {isa = PBXBuildFile; fileRef = 3E9F5ABA1A683353008196E1 /* NSManagedObjectContext+MagicalChainSave.m */; };
		3E9F5AE91A683353008196E1 /* NSManagedObjectContext+MagicalObserving.m in Sources */ = {isa = PBXBuildFile; fileRef = 3E9F5ABC1A683353008196E1 /* NSManagedObjectContext+MagicalObserving.m */; };
		3E9F5AEA1A683353008196E1 /* NSManagedObjectContext+MagicalRecord.m in Sources */ = {isa = PBXBuildFile; fileRef = 3E9F5ABE1A683353008196E1 /* NSManagedObjectContext+MagicalRecord.m */; };
		3E9F5AEB1A683353008196E1 /* NSManagedObjectContext+MagicalSaves.m in Sources */ = {isa = PBXBuildFile; fileRef = 3E9F5AC01A683353008196E1 /* NSManagedObjectContext+MagicalSaves.m */; };
		3E9F5AEC1A683353008196E1 /* NSManagedObjectContext+MagicalThreading.m in Sources */ = {isa = PBXBuildFile; fileRef = 3E9F5AC21A683353008196E1 /* NSManagedObjectContext+MagicalThreading.m */; };
		3E9F5AED1A683353008196E1 /* NSManagedObjectModel+MagicalRecord.m in Sources */ = {isa = PBXBuildFile; fileRef = 3E9F5AC41A683353008196E1 /* NSManagedObjectModel+MagicalRecord.m */; };
		3E9F5AEE1A683353008196E1 /* NSPersistentStore+MagicalRecord.m in Sources */ = {isa = PBXBuildFile; fileRef = 3E9F5AC61A683353008196E1 /* NSPersistentStore+MagicalRecord.m */; };
		3E9F5AEF1A683353008196E1 /* NSPersistentStoreCoordinator+MagicalRecord.m in Sources */ = {isa = PBXBuildFile; fileRef = 3E9F5AC81A683353008196E1 /* NSPersistentStoreCoordinator+MagicalRecord.m */; };
		3E9F5AF01A683353008196E1 /* MagicalRecord+Actions.m in Sources */ = {isa = PBXBuildFile; fileRef = 3E9F5ACB1A683353008196E1 /* MagicalRecord+Actions.m */; };
		3E9F5AF11A683353008196E1 /* MagicalRecord+ErrorHandling.m in Sources */ = {isa = PBXBuildFile; fileRef = 3E9F5ACD1A683353008196E1 /* MagicalRecord+ErrorHandling.m */; };
		3E9F5AF21A683353008196E1 /* MagicalRecord+iCloud.m in Sources */ = {isa = PBXBuildFile; fileRef = 3E9F5ACF1A683353008196E1 /* MagicalRecord+iCloud.m */; };
		3E9F5AF31A683353008196E1 /* MagicalRecord+Options.m in Sources */ = {isa = PBXBuildFile; fileRef = 3E9F5AD11A683353008196E1 /* MagicalRecord+Options.m */; };
		3E9F5AF41A683353008196E1 /* MagicalRecord+Setup.m in Sources */ = {isa = PBXBuildFile; fileRef = 3E9F5AD31A683353008196E1 /* MagicalRecord+Setup.m */; };
		3E9F5AF51A683353008196E1 /* MagicalRecord+ShorthandSupport.m in Sources */ = {isa = PBXBuildFile; fileRef = 3E9F5AD51A683353008196E1 /* MagicalRecord+ShorthandSupport.m */; };
		3E9F5AF61A683353008196E1 /* MagicalRecord.m in Sources */ = {isa = PBXBuildFile; fileRef = 3E9F5AD71A683353008196E1 /* MagicalRecord.m */; };
		3E9F5AF91A6834EC008196E1 /* YALDefaultDataModel.xcdatamodeld in Sources */ = {isa = PBXBuildFile; fileRef = 3E9F5AF71A6834EC008196E1 /* YALDefaultDataModel.xcdatamodeld */; };
		3E9F5B0E1A683631008196E1 /* YALExercise.m in Sources */ = {isa = PBXBuildFile; fileRef = 3E9F5B0A1A683631008196E1 /* YALExercise.m */; };
		3E9F5B0F1A683631008196E1 /* YALSet.m in Sources */ = {isa = PBXBuildFile; fileRef = 3E9F5B0D1A683631008196E1 /* YALSet.m */; };
/* End PBXBuildFile section */

/* Begin PBXContainerItemProxy section */
		3E7A9E3C1A68321D0039F91A /* PBXContainerItemProxy */ = {
			isa = PBXContainerItemProxy;
			containerPortal = 3E7A9E0E1A68321D0039F91A /* Project object */;
			proxyType = 1;
			remoteGlobalIDString = 3E7A9E151A68321D0039F91A;
			remoteInfo = YALCorePlotBlogPost;
		};
/* End PBXContainerItemProxy section */

/* Begin PBXFileReference section */
		3E7A9E161A68321D0039F91A /* YALCorePlotBlogPost.app */ = {isa = PBXFileReference; explicitFileType = wrapper.application; includeInIndex = 0; path = YALCorePlotBlogPost.app; sourceTree = BUILT_PRODUCTS_DIR; };
		3E7A9E191A68321D0039F91A /* Foundation.framework */ = {isa = PBXFileReference; lastKnownFileType = wrapper.framework; name = Foundation.framework; path = System/Library/Frameworks/Foundation.framework; sourceTree = SDKROOT; };
		3E7A9E1B1A68321D0039F91A /* CoreGraphics.framework */ = {isa = PBXFileReference; lastKnownFileType = wrapper.framework; name = CoreGraphics.framework; path = System/Library/Frameworks/CoreGraphics.framework; sourceTree = SDKROOT; };
		3E7A9E1D1A68321D0039F91A /* UIKit.framework */ = {isa = PBXFileReference; lastKnownFileType = wrapper.framework; name = UIKit.framework; path = System/Library/Frameworks/UIKit.framework; sourceTree = SDKROOT; };
		3E7A9E211A68321D0039F91A /* YALCorePlotBlogPost-Info.plist */ = {isa = PBXFileReference; lastKnownFileType = text.plist.xml; path = "YALCorePlotBlogPost-Info.plist"; sourceTree = "<group>"; };
		3E7A9E231A68321D0039F91A /* en */ = {isa = PBXFileReference; lastKnownFileType = text.plist.strings; name = en; path = en.lproj/InfoPlist.strings; sourceTree = "<group>"; };
		3E7A9E251A68321D0039F91A /* main.m */ = {isa = PBXFileReference; lastKnownFileType = sourcecode.c.objc; path = main.m; sourceTree = "<group>"; };
		3E7A9E271A68321D0039F91A /* YALCorePlotBlogPost-Prefix.pch */ = {isa = PBXFileReference; lastKnownFileType = sourcecode.c.h; path = "YALCorePlotBlogPost-Prefix.pch"; sourceTree = "<group>"; };
		3E7A9E311A68321D0039F91A /* Images.xcassets */ = {isa = PBXFileReference; lastKnownFileType = folder.assetcatalog; path = Images.xcassets; sourceTree = "<group>"; };
		3E7A9E371A68321D0039F91A /* YALCorePlotBlogPostTests.xctest */ = {isa = PBXFileReference; explicitFileType = wrapper.cfbundle; includeInIndex = 0; path = YALCorePlotBlogPostTests.xctest; sourceTree = BUILT_PRODUCTS_DIR; };
		3E7A9E381A68321D0039F91A /* XCTest.framework */ = {isa = PBXFileReference; lastKnownFileType = wrapper.framework; name = XCTest.framework; path = Library/Frameworks/XCTest.framework; sourceTree = DEVELOPER_DIR; };
		3E7A9E401A68321D0039F91A /* YALCorePlotBlogPostTests-Info.plist */ = {isa = PBXFileReference; lastKnownFileType = text.plist.xml; path = "YALCorePlotBlogPostTests-Info.plist"; sourceTree = "<group>"; };
		3E7A9E421A68321D0039F91A /* en */ = {isa = PBXFileReference; lastKnownFileType = text.plist.strings; name = en; path = en.lproj/InfoPlist.strings; sourceTree = "<group>"; };
		3E7A9E441A68321D0039F91A /* YALCorePlotBlogPostTests.m */ = {isa = PBXFileReference; lastKnownFileType = sourcecode.c.objc; path = YALCorePlotBlogPostTests.m; sourceTree = "<group>"; };
		3E8590A41A6A6B9F00C36384 /* YALBarChartView.h */ = {isa = PBXFileReference; fileEncoding = 4; lastKnownFileType = sourcecode.c.h; path = YALBarChartView.h; sourceTree = "<group>"; };
		3E8590A51A6A6B9F00C36384 /* YALBarChartView.m */ = {isa = PBXFileReference; fileEncoding = 4; lastKnownFileType = sourcecode.c.objc; path = YALBarChartView.m; sourceTree = "<group>"; };
		3E8590A71A6A6C6A00C36384 /* YALPieChartProtocol.h */ = {isa = PBXFileReference; fileEncoding = 4; lastKnownFileType = sourcecode.c.h; path = YALPieChartProtocol.h; sourceTree = "<group>"; };
		3E8590A81A6A6C6A00C36384 /* YALPieChartView.h */ = {isa = PBXFileReference; fileEncoding = 4; lastKnownFileType = sourcecode.c.h; path = YALPieChartView.h; sourceTree = "<group>"; };
		3E8590A91A6A6C6A00C36384 /* YALPieChartView.m */ = {isa = PBXFileReference; fileEncoding = 4; lastKnownFileType = sourcecode.c.objc; path = YALPieChartView.m; sourceTree = "<group>"; };
		3E8590AB1A6A6C7A00C36384 /* YALStackedBarChartView.h */ = {isa = PBXFileReference; fileEncoding = 4; lastKnownFileType = sourcecode.c.h; path = YALStackedBarChartView.h; sourceTree = "<group>"; };
		3E8590AC1A6A6C7A00C36384 /* YALStackedBarChartView.m */ = {isa = PBXFileReference; fileEncoding = 4; lastKnownFileType = sourcecode.c.objc; path = YALStackedBarChartView.m; sourceTree = "<group>"; };
		3E8590B01A6A6DA500C36384 /* YALBarChartViewDataSource.h */ = {isa = PBXFileReference; fileEncoding = 4; lastKnownFileType = sourcecode.c.h; path = YALBarChartViewDataSource.h; sourceTree = "<group>"; };
		3E8590B11A6A6DA500C36384 /* YALBarChartViewDataSource.m */ = {isa = PBXFileReference; fileEncoding = 4; lastKnownFileType = sourcecode.c.objc; path = YALBarChartViewDataSource.m; sourceTree = "<group>"; };
		3E8590B31A6A6DA500C36384 /* YALPieChartViewDataSource.h */ = {isa = PBXFileReference; fileEncoding = 4; lastKnownFileType = sourcecode.c.h; path = YALPieChartViewDataSource.h; sourceTree = "<group>"; };
		3E8590B41A6A6DA500C36384 /* YALPieChartViewDataSource.m */ = {isa = PBXFileReference; fileEncoding = 4; lastKnownFileType = sourcecode.c.objc; path = YALPieChartViewDataSource.m; sourceTree = "<group>"; };
		3E8590B71A6A6DA500C36384 /* YALStackedBarChartObject.h */ = {isa = PBXFileReference; fileEncoding = 4; lastKnownFileType = sourcecode.c.h; path = YALStackedBarChartObject.h; sourceTree = "<group>"; };
		3E8590B81A6A6DA500C36384 /* YALStackedBarChartObject.m */ = {isa = PBXFileReference; fileEncoding = 4; lastKnownFileType = sourcecode.c.objc; path = YALStackedBarChartObject.m; sourceTree = "<group>"; };
		3E8590B91A6A6DA500C36384 /* YALStackedBarChartSection.h */ = {isa = PBXFileReference; fileEncoding = 4; lastKnownFileType = sourcecode.c.h; path = YALStackedBarChartSection.h; sourceTree = "<group>"; };
		3E8590BA1A6A6DA500C36384 /* YALStackedBarChartSection.m */ = {isa = PBXFileReference; fileEncoding = 4; lastKnownFileType = sourcecode.c.objc; path = YALStackedBarChartSection.m; sourceTree = "<group>"; };
		3E8590BB1A6A6DA500C36384 /* YALStackedBarChartSectionDataSource.h */ = {isa = PBXFileReference; fileEncoding = 4; lastKnownFileType = sourcecode.c.h; path = YALStackedBarChartSectionDataSource.h; sourceTree = "<group>"; };
		3E8590BC1A6A6DA500C36384 /* YALStackedBarChartSectionDataSource.m */ = {isa = PBXFileReference; fileEncoding = 4; lastKnownFileType = sourcecode.c.objc; path = YALStackedBarChartSectionDataSource.m; sourceTree = "<group>"; };
		3E8590BD1A6A6DA500C36384 /* YALStackedBarChartDataSource.h */ = {isa = PBXFileReference; fileEncoding = 4; lastKnownFileType = sourcecode.c.h; path = YALStackedBarChartDataSource.h; sourceTree = "<group>"; };
		3E8590BE1A6A6DA500C36384 /* YALStackedBarChartDataSource.m */ = {isa = PBXFileReference; fileEncoding = 4; lastKnownFileType = sourcecode.c.objc; path = YALStackedBarChartDataSource.m; sourceTree = "<group>"; };
		3E8590C51A6A6E1600C36384 /* YALExercises.plist */ = {isa = PBXFileReference; fileEncoding = 4; lastKnownFileType = text.plist.xml; path = YALExercises.plist; sourceTree = "<group>"; };
		3E8590DB1A6A720500C36384 /* YALBarChartProtocol.h */ = {isa = PBXFileReference; fileEncoding = 4; lastKnownFileType = sourcecode.c.h; path = YALBarChartProtocol.h; sourceTree = "<group>"; };
		3E8590DC1A6A743500C36384 /* YALExercise+YALBarChartProtocol.h */ = {isa = PBXFileReference; fileEncoding = 4; lastKnownFileType = sourcecode.c.h; path = "YALExercise+YALBarChartProtocol.h"; sourceTree = "<group>"; };
		3E8590DD1A6A743500C36384 /* YALExercise+YALBarChartProtocol.m */ = {isa = PBXFileReference; fileEncoding = 4; lastKnownFileType = sourcecode.c.objc; path = "YALExercise+YALBarChartProtocol.m"; sourceTree = "<group>"; };
		3E8590E01A6A743500C36384 /* YALExercise+YALPieChartProtocol.h */ = {isa = PBXFileReference; fileEncoding = 4; lastKnownFileType = sourcecode.c.h; path = "YALExercise+YALPieChartProtocol.h"; sourceTree = "<group>"; };
		3E8590E11A6A743500C36384 /* YALExercise+YALPieChartProtocol.m */ = {isa = PBXFileReference; fileEncoding = 4; lastKnownFileType = sourcecode.c.objc; path = "YALExercise+YALPieChartProtocol.m"; sourceTree = "<group>"; };
		3E8590E51A6A761C00C36384 /* YALDefaulltDatamporter.h */ = {isa = PBXFileReference; fileEncoding = 4; lastKnownFileType = sourcecode.c.h; path = YALDefaulltDatamporter.h; sourceTree = "<group>"; };
		3E8590E61A6A761C00C36384 /* YALDefaulltDatamporter.m */ = {isa = PBXFileReference; fileEncoding = 4; lastKnownFileType = sourcecode.c.objc; path = YALDefaulltDatamporter.m; sourceTree = "<group>"; };
		3E8590E81A6A772300C36384 /* NSDate+YALBeginningAndEndOfTheDay.h */ = {isa = PBXFileReference; fileEncoding = 4; lastKnownFileType = sourcecode.c.h; path = "NSDate+YALBeginningAndEndOfTheDay.h"; sourceTree = "<group>"; };
		3E8590E91A6A772300C36384 /* NSDate+YALBeginningAndEndOfTheDay.m */ = {isa = PBXFileReference; fileEncoding = 4; lastKnownFileType = sourcecode.c.objc; path = "NSDate+YALBeginningAndEndOfTheDay.m"; sourceTree = "<group>"; };
		3E8590EB1A6A774000C36384 /* UIColor+YALColorFromHexString.h */ = {isa = PBXFileReference; fileEncoding = 4; lastKnownFileType = sourcecode.c.h; path = "UIColor+YALColorFromHexString.h"; sourceTree = "<group>"; };
		3E8590EC1A6A774000C36384 /* UIColor+YALColorFromHexString.m */ = {isa = PBXFileReference; fileEncoding = 4; lastKnownFileType = sourcecode.c.objc; path = "UIColor+YALColorFromHexString.m"; sourceTree = "<group>"; };
		3E9F5A901A6832C8008196E1 /* YALAppDelegate.h */ = {isa = PBXFileReference; fileEncoding = 4; lastKnownFileType = sourcecode.c.h; path = YALAppDelegate.h; sourceTree = "<group>"; };
		3E9F5A911A6832C8008196E1 /* YALAppDelegate.m */ = {isa = PBXFileReference; fileEncoding = 4; lastKnownFileType = sourcecode.c.objc; path = YALAppDelegate.m; sourceTree = "<group>"; };
		3E9F5A981A6832C8008196E1 /* Base */ = {isa = PBXFileReference; lastKnownFileType = file.storyboard; name = Base; path = Base.lproj/Main.storyboard; sourceTree = "<group>"; };
		3E9F5A9F1A683353008196E1 /* MagicalImportFunctions.h */ = {isa = PBXFileReference; fileEncoding = 4; lastKnownFileType = sourcecode.c.h; path = MagicalImportFunctions.h; sourceTree = "<group>"; };
		3E9F5AA01A683353008196E1 /* MagicalImportFunctions.m */ = {isa = PBXFileReference; fileEncoding = 4; lastKnownFileType = sourcecode.c.objc; path = MagicalImportFunctions.m; sourceTree = "<group>"; };
		3E9F5AA11A683353008196E1 /* NSAttributeDescription+MagicalDataImport.h */ = {isa = PBXFileReference; fileEncoding = 4; lastKnownFileType = sourcecode.c.h; path = "NSAttributeDescription+MagicalDataImport.h"; sourceTree = "<group>"; };
		3E9F5AA21A683353008196E1 /* NSAttributeDescription+MagicalDataImport.m */ = {isa = PBXFileReference; fileEncoding = 4; lastKnownFileType = sourcecode.c.objc; path = "NSAttributeDescription+MagicalDataImport.m"; sourceTree = "<group>"; };
		3E9F5AA31A683353008196E1 /* NSEntityDescription+MagicalDataImport.h */ = {isa = PBXFileReference; fileEncoding = 4; lastKnownFileType = sourcecode.c.h; path = "NSEntityDescription+MagicalDataImport.h"; sourceTree = "<group>"; };
		3E9F5AA41A683353008196E1 /* NSEntityDescription+MagicalDataImport.m */ = {isa = PBXFileReference; fileEncoding = 4; lastKnownFileType = sourcecode.c.objc; path = "NSEntityDescription+MagicalDataImport.m"; sourceTree = "<group>"; };
		3E9F5AA51A683353008196E1 /* NSNumber+MagicalDataImport.h */ = {isa = PBXFileReference; fileEncoding = 4; lastKnownFileType = sourcecode.c.h; path = "NSNumber+MagicalDataImport.h"; sourceTree = "<group>"; };
		3E9F5AA61A683353008196E1 /* NSNumber+MagicalDataImport.m */ = {isa = PBXFileReference; fileEncoding = 4; lastKnownFileType = sourcecode.c.objc; path = "NSNumber+MagicalDataImport.m"; sourceTree = "<group>"; };
		3E9F5AA71A683353008196E1 /* NSObject+MagicalDataImport.h */ = {isa = PBXFileReference; fileEncoding = 4; lastKnownFileType = sourcecode.c.h; path = "NSObject+MagicalDataImport.h"; sourceTree = "<group>"; };
		3E9F5AA81A683353008196E1 /* NSObject+MagicalDataImport.m */ = {isa = PBXFileReference; fileEncoding = 4; lastKnownFileType = sourcecode.c.objc; path = "NSObject+MagicalDataImport.m"; sourceTree = "<group>"; };
		3E9F5AA91A683353008196E1 /* NSRelationshipDescription+MagicalDataImport.h */ = {isa = PBXFileReference; fileEncoding = 4; lastKnownFileType = sourcecode.c.h; path = "NSRelationshipDescription+MagicalDataImport.h"; sourceTree = "<group>"; };
		3E9F5AAA1A683353008196E1 /* NSRelationshipDescription+MagicalDataImport.m */ = {isa = PBXFileReference; fileEncoding = 4; lastKnownFileType = sourcecode.c.objc; path = "NSRelationshipDescription+MagicalDataImport.m"; sourceTree = "<group>"; };
		3E9F5AAB1A683353008196E1 /* NSString+MagicalDataImport.h */ = {isa = PBXFileReference; fileEncoding = 4; lastKnownFileType = sourcecode.c.h; path = "NSString+MagicalDataImport.h"; sourceTree = "<group>"; };
		3E9F5AAC1A683353008196E1 /* NSString+MagicalDataImport.m */ = {isa = PBXFileReference; fileEncoding = 4; lastKnownFileType = sourcecode.c.objc; path = "NSString+MagicalDataImport.m"; sourceTree = "<group>"; };
		3E9F5AAE1A683353008196E1 /* NSManagedObject+MagicalAggregation.h */ = {isa = PBXFileReference; fileEncoding = 4; lastKnownFileType = sourcecode.c.h; path = "NSManagedObject+MagicalAggregation.h"; sourceTree = "<group>"; };
		3E9F5AAF1A683353008196E1 /* NSManagedObject+MagicalAggregation.m */ = {isa = PBXFileReference; fileEncoding = 4; lastKnownFileType = sourcecode.c.objc; path = "NSManagedObject+MagicalAggregation.m"; sourceTree = "<group>"; };
		3E9F5AB01A683353008196E1 /* NSManagedObject+MagicalDataImport.h */ = {isa = PBXFileReference; fileEncoding = 4; lastKnownFileType = sourcecode.c.h; path = "NSManagedObject+MagicalDataImport.h"; sourceTree = "<group>"; };
		3E9F5AB11A683353008196E1 /* NSManagedObject+MagicalDataImport.m */ = {isa = PBXFileReference; fileEncoding = 4; lastKnownFileType = sourcecode.c.objc; path = "NSManagedObject+MagicalDataImport.m"; sourceTree = "<group>"; };
		3E9F5AB21A683353008196E1 /* NSManagedObject+MagicalFinders.h */ = {isa = PBXFileReference; fileEncoding = 4; lastKnownFileType = sourcecode.c.h; path = "NSManagedObject+MagicalFinders.h"; sourceTree = "<group>"; };
		3E9F5AB31A683353008196E1 /* NSManagedObject+MagicalFinders.m */ = {isa = PBXFileReference; fileEncoding = 4; lastKnownFileType = sourcecode.c.objc; path = "NSManagedObject+MagicalFinders.m"; sourceTree = "<group>"; };
		3E9F5AB41A683353008196E1 /* NSManagedObject+MagicalRecord.h */ = {isa = PBXFileReference; fileEncoding = 4; lastKnownFileType = sourcecode.c.h; path = "NSManagedObject+MagicalRecord.h"; sourceTree = "<group>"; };
		3E9F5AB51A683353008196E1 /* NSManagedObject+MagicalRecord.m */ = {isa = PBXFileReference; fileEncoding = 4; lastKnownFileType = sourcecode.c.objc; path = "NSManagedObject+MagicalRecord.m"; sourceTree = "<group>"; };
		3E9F5AB61A683353008196E1 /* NSManagedObject+MagicalRequests.h */ = {isa = PBXFileReference; fileEncoding = 4; lastKnownFileType = sourcecode.c.h; path = "NSManagedObject+MagicalRequests.h"; sourceTree = "<group>"; };
		3E9F5AB71A683353008196E1 /* NSManagedObject+MagicalRequests.m */ = {isa = PBXFileReference; fileEncoding = 4; lastKnownFileType = sourcecode.c.objc; path = "NSManagedObject+MagicalRequests.m"; sourceTree = "<group>"; };
		3E9F5AB91A683353008196E1 /* NSManagedObjectContext+MagicalChainSave.h */ = {isa = PBXFileReference; fileEncoding = 4; lastKnownFileType = sourcecode.c.h; path = "NSManagedObjectContext+MagicalChainSave.h"; sourceTree = "<group>"; };
		3E9F5ABA1A683353008196E1 /* NSManagedObjectContext+MagicalChainSave.m */ = {isa = PBXFileReference; fileEncoding = 4; lastKnownFileType = sourcecode.c.objc; path = "NSManagedObjectContext+MagicalChainSave.m"; sourceTree = "<group>"; };
		3E9F5ABB1A683353008196E1 /* NSManagedObjectContext+MagicalObserving.h */ = {isa = PBXFileReference; fileEncoding = 4; lastKnownFileType = sourcecode.c.h; path = "NSManagedObjectContext+MagicalObserving.h"; sourceTree = "<group>"; };
		3E9F5ABC1A683353008196E1 /* NSManagedObjectContext+MagicalObserving.m */ = {isa = PBXFileReference; fileEncoding = 4; lastKnownFileType = sourcecode.c.objc; path = "NSManagedObjectContext+MagicalObserving.m"; sourceTree = "<group>"; };
		3E9F5ABD1A683353008196E1 /* NSManagedObjectContext+MagicalRecord.h */ = {isa = PBXFileReference; fileEncoding = 4; lastKnownFileType = sourcecode.c.h; path = "NSManagedObjectContext+MagicalRecord.h"; sourceTree = "<group>"; };
		3E9F5ABE1A683353008196E1 /* NSManagedObjectContext+MagicalRecord.m */ = {isa = PBXFileReference; fileEncoding = 4; lastKnownFileType = sourcecode.c.objc; path = "NSManagedObjectContext+MagicalRecord.m"; sourceTree = "<group>"; };
		3E9F5ABF1A683353008196E1 /* NSManagedObjectContext+MagicalSaves.h */ = {isa = PBXFileReference; fileEncoding = 4; lastKnownFileType = sourcecode.c.h; path = "NSManagedObjectContext+MagicalSaves.h"; sourceTree = "<group>"; };
		3E9F5AC01A683353008196E1 /* NSManagedObjectContext+MagicalSaves.m */ = {isa = PBXFileReference; fileEncoding = 4; lastKnownFileType = sourcecode.c.objc; path = "NSManagedObjectContext+MagicalSaves.m"; sourceTree = "<group>"; };
		3E9F5AC11A683353008196E1 /* NSManagedObjectContext+MagicalThreading.h */ = {isa = PBXFileReference; fileEncoding = 4; lastKnownFileType = sourcecode.c.h; path = "NSManagedObjectContext+MagicalThreading.h"; sourceTree = "<group>"; };
		3E9F5AC21A683353008196E1 /* NSManagedObjectContext+MagicalThreading.m */ = {isa = PBXFileReference; fileEncoding = 4; lastKnownFileType = sourcecode.c.objc; path = "NSManagedObjectContext+MagicalThreading.m"; sourceTree = "<group>"; };
		3E9F5AC31A683353008196E1 /* NSManagedObjectModel+MagicalRecord.h */ = {isa = PBXFileReference; fileEncoding = 4; lastKnownFileType = sourcecode.c.h; path = "NSManagedObjectModel+MagicalRecord.h"; sourceTree = "<group>"; };
		3E9F5AC41A683353008196E1 /* NSManagedObjectModel+MagicalRecord.m */ = {isa = PBXFileReference; fileEncoding = 4; lastKnownFileType = sourcecode.c.objc; path = "NSManagedObjectModel+MagicalRecord.m"; sourceTree = "<group>"; };
		3E9F5AC51A683353008196E1 /* NSPersistentStore+MagicalRecord.h */ = {isa = PBXFileReference; fileEncoding = 4; lastKnownFileType = sourcecode.c.h; path = "NSPersistentStore+MagicalRecord.h"; sourceTree = "<group>"; };
		3E9F5AC61A683353008196E1 /* NSPersistentStore+MagicalRecord.m */ = {isa = PBXFileReference; fileEncoding = 4; lastKnownFileType = sourcecode.c.objc; path = "NSPersistentStore+MagicalRecord.m"; sourceTree = "<group>"; };
		3E9F5AC71A683353008196E1 /* NSPersistentStoreCoordinator+MagicalRecord.h */ = {isa = PBXFileReference; fileEncoding = 4; lastKnownFileType = sourcecode.c.h; path = "NSPersistentStoreCoordinator+MagicalRecord.h"; sourceTree = "<group>"; };
		3E9F5AC81A683353008196E1 /* NSPersistentStoreCoordinator+MagicalRecord.m */ = {isa = PBXFileReference; fileEncoding = 4; lastKnownFileType = sourcecode.c.objc; path = "NSPersistentStoreCoordinator+MagicalRecord.m"; sourceTree = "<group>"; };
		3E9F5ACA1A683353008196E1 /* MagicalRecord+Actions.h */ = {isa = PBXFileReference; fileEncoding = 4; lastKnownFileType = sourcecode.c.h; path = "MagicalRecord+Actions.h"; sourceTree = "<group>"; };
		3E9F5ACB1A683353008196E1 /* MagicalRecord+Actions.m */ = {isa = PBXFileReference; fileEncoding = 4; lastKnownFileType = sourcecode.c.objc; path = "MagicalRecord+Actions.m"; sourceTree = "<group>"; };
		3E9F5ACC1A683353008196E1 /* MagicalRecord+ErrorHandling.h */ = {isa = PBXFileReference; fileEncoding = 4; lastKnownFileType = sourcecode.c.h; path = "MagicalRecord+ErrorHandling.h"; sourceTree = "<group>"; };
		3E9F5ACD1A683353008196E1 /* MagicalRecord+ErrorHandling.m */ = {isa = PBXFileReference; fileEncoding = 4; lastKnownFileType = sourcecode.c.objc; path = "MagicalRecord+ErrorHandling.m"; sourceTree = "<group>"; };
		3E9F5ACE1A683353008196E1 /* MagicalRecord+iCloud.h */ = {isa = PBXFileReference; fileEncoding = 4; lastKnownFileType = sourcecode.c.h; path = "MagicalRecord+iCloud.h"; sourceTree = "<group>"; };
		3E9F5ACF1A683353008196E1 /* MagicalRecord+iCloud.m */ = {isa = PBXFileReference; fileEncoding = 4; lastKnownFileType = sourcecode.c.objc; path = "MagicalRecord+iCloud.m"; sourceTree = "<group>"; };
		3E9F5AD01A683353008196E1 /* MagicalRecord+Options.h */ = {isa = PBXFileReference; fileEncoding = 4; lastKnownFileType = sourcecode.c.h; path = "MagicalRecord+Options.h"; sourceTree = "<group>"; };
		3E9F5AD11A683353008196E1 /* MagicalRecord+Options.m */ = {isa = PBXFileReference; fileEncoding = 4; lastKnownFileType = sourcecode.c.objc; path = "MagicalRecord+Options.m"; sourceTree = "<group>"; };
		3E9F5AD21A683353008196E1 /* MagicalRecord+Setup.h */ = {isa = PBXFileReference; fileEncoding = 4; lastKnownFileType = sourcecode.c.h; path = "MagicalRecord+Setup.h"; sourceTree = "<group>"; };
		3E9F5AD31A683353008196E1 /* MagicalRecord+Setup.m */ = {isa = PBXFileReference; fileEncoding = 4; lastKnownFileType = sourcecode.c.objc; path = "MagicalRecord+Setup.m"; sourceTree = "<group>"; };
		3E9F5AD41A683353008196E1 /* MagicalRecord+ShorthandSupport.h */ = {isa = PBXFileReference; fileEncoding = 4; lastKnownFileType = sourcecode.c.h; path = "MagicalRecord+ShorthandSupport.h"; sourceTree = "<group>"; };
		3E9F5AD51A683353008196E1 /* MagicalRecord+ShorthandSupport.m */ = {isa = PBXFileReference; fileEncoding = 4; lastKnownFileType = sourcecode.c.objc; path = "MagicalRecord+ShorthandSupport.m"; sourceTree = "<group>"; };
		3E9F5AD61A683353008196E1 /* MagicalRecord.h */ = {isa = PBXFileReference; fileEncoding = 4; lastKnownFileType = sourcecode.c.h; path = MagicalRecord.h; sourceTree = "<group>"; };
		3E9F5AD71A683353008196E1 /* MagicalRecord.m */ = {isa = PBXFileReference; fileEncoding = 4; lastKnownFileType = sourcecode.c.objc; path = MagicalRecord.m; sourceTree = "<group>"; };
		3E9F5AD81A683353008196E1 /* MagicalRecordDeprecated.h */ = {isa = PBXFileReference; fileEncoding = 4; lastKnownFileType = sourcecode.c.h; path = MagicalRecordDeprecated.h; sourceTree = "<group>"; };
		3E9F5AD91A683353008196E1 /* MagicalRecordLogging.h */ = {isa = PBXFileReference; fileEncoding = 4; lastKnownFileType = sourcecode.c.h; path = MagicalRecordLogging.h; sourceTree = "<group>"; };
		3E9F5ADA1A683353008196E1 /* MagicalRecordShorthand.h */ = {isa = PBXFileReference; fileEncoding = 4; lastKnownFileType = sourcecode.c.h; path = MagicalRecordShorthand.h; sourceTree = "<group>"; };
		3E9F5ADB1A683353008196E1 /* CoreData+MagicalRecord.h */ = {isa = PBXFileReference; fileEncoding = 4; lastKnownFileType = sourcecode.c.h; path = "CoreData+MagicalRecord.h"; sourceTree = "<group>"; };
		3E9F5AF81A6834EC008196E1 /* YALDefaultDataModel.xcdatamodel */ = {isa = PBXFileReference; lastKnownFileType = wrapper.xcdatamodel; path = YALDefaultDataModel.xcdatamodel; sourceTree = "<group>"; };
		3E9F5B091A683631008196E1 /* YALExercise.h */ = {isa = PBXFileReference; fileEncoding = 4; lastKnownFileType = sourcecode.c.h; path = YALExercise.h; sourceTree = "<group>"; };
		3E9F5B0A1A683631008196E1 /* YALExercise.m */ = {isa = PBXFileReference; fileEncoding = 4; lastKnownFileType = sourcecode.c.objc; path = YALExercise.m; sourceTree = "<group>"; };
		3E9F5B0C1A683631008196E1 /* YALSet.h */ = {isa = PBXFileReference; fileEncoding = 4; lastKnownFileType = sourcecode.c.h; path = YALSet.h; sourceTree = "<group>"; };
		3E9F5B0D1A683631008196E1 /* YALSet.m */ = {isa = PBXFileReference; fileEncoding = 4; lastKnownFileType = sourcecode.c.objc; path = YALSet.m; sourceTree = "<group>"; };
		44FAB36247B0AC6DE01C74A5 /* libPods-YALCorePlotBlogPost.a */ = {isa = PBXFileReference; explicitFileType = archive.ar; includeInIndex = 0; path = "libPods-YALCorePlotBlogPost.a"; sourceTree = BUILT_PRODUCTS_DIR; };
		B7EED04A4EDAD5EA86D0BC66 /* Pods-YALCorePlotBlogPost.debug.xcconfig */ = {isa = PBXFileReference; includeInIndex = 1; lastKnownFileType = text.xcconfig; name = "Pods-YALCorePlotBlogPost.debug.xcconfig"; path = "Pods/Target Support Files/Pods-YALCorePlotBlogPost/Pods-YALCorePlotBlogPost.debug.xcconfig"; sourceTree = "<group>"; };
		C967D74464BDA83F36FD8D84 /* Pods-YALCorePlotBlogPost.release.xcconfig */ = {isa = PBXFileReference; includeInIndex = 1; lastKnownFileType = text.xcconfig; name = "Pods-YALCorePlotBlogPost.release.xcconfig"; path = "Pods/Target Support Files/Pods-YALCorePlotBlogPost/Pods-YALCorePlotBlogPost.release.xcconfig"; sourceTree = "<group>"; };
/* End PBXFileReference section */

/* Begin PBXFrameworksBuildPhase section */
		3E7A9E131A68321D0039F91A /* Frameworks */ = {
			isa = PBXFrameworksBuildPhase;
			buildActionMask = 2147483647;
			files = (
				3E7A9E1C1A68321D0039F91A /* CoreGraphics.framework in Frameworks */,
				3E7A9E1E1A68321D0039F91A /* UIKit.framework in Frameworks */,
				3E7A9E1A1A68321D0039F91A /* Foundation.framework in Frameworks */,
				38EF986FBC515770F3E9EC2B /* libPods-YALCorePlotBlogPost.a in Frameworks */,
			);
			runOnlyForDeploymentPostprocessing = 0;
		};
		3E7A9E341A68321D0039F91A /* Frameworks */ = {
			isa = PBXFrameworksBuildPhase;
			buildActionMask = 2147483647;
			files = (
				3E7A9E391A68321D0039F91A /* XCTest.framework in Frameworks */,
				3E7A9E3B1A68321D0039F91A /* UIKit.framework in Frameworks */,
				3E7A9E3A1A68321D0039F91A /* Foundation.framework in Frameworks */,
			);
			runOnlyForDeploymentPostprocessing = 0;
		};
/* End PBXFrameworksBuildPhase section */

/* Begin PBXGroup section */
		226B48AA41A2A2658BEAEAD9 /* Pods */ = {
			isa = PBXGroup;
			children = (
				B7EED04A4EDAD5EA86D0BC66 /* Pods-YALCorePlotBlogPost.debug.xcconfig */,
				C967D74464BDA83F36FD8D84 /* Pods-YALCorePlotBlogPost.release.xcconfig */,
			);
			name = Pods;
			sourceTree = "<group>";
		};
		3E7A9E0D1A68321D0039F91A = {
			isa = PBXGroup;
			children = (
				3E7A9E1F1A68321D0039F91A /* YALCorePlotBlogPost */,
				3E7A9E3E1A68321D0039F91A /* YALCorePlotBlogPostTests */,
				3E7A9E181A68321D0039F91A /* Frameworks */,
				3E7A9E171A68321D0039F91A /* Products */,
				226B48AA41A2A2658BEAEAD9 /* Pods */,
			);
			sourceTree = "<group>";
		};
		3E7A9E171A68321D0039F91A /* Products */ = {
			isa = PBXGroup;
			children = (
				3E7A9E161A68321D0039F91A /* YALCorePlotBlogPost.app */,
				3E7A9E371A68321D0039F91A /* YALCorePlotBlogPostTests.xctest */,
			);
			name = Products;
			sourceTree = "<group>";
		};
		3E7A9E181A68321D0039F91A /* Frameworks */ = {
			isa = PBXGroup;
			children = (
				3E7A9E191A68321D0039F91A /* Foundation.framework */,
				3E7A9E1B1A68321D0039F91A /* CoreGraphics.framework */,
				3E7A9E1D1A68321D0039F91A /* UIKit.framework */,
				3E7A9E381A68321D0039F91A /* XCTest.framework */,
				44FAB36247B0AC6DE01C74A5 /* libPods-YALCorePlotBlogPost.a */,
			);
			name = Frameworks;
			sourceTree = "<group>";
		};
		3E7A9E1F1A68321D0039F91A /* YALCorePlotBlogPost */ = {
			isa = PBXGroup;
			children = (
				3E9F5A961A6832C8008196E1 /* Storyboard */,
				3E9F5A8F1A6832C8008196E1 /* AppDelegate */,
				3E9F5A991A6832C8008196E1 /* View */,
				3E9F5A941A6832C8008196E1 /* Model */,
				3E9F5A921A6832C8008196E1 /* Helpers */,
				3E9F5A931A6832C8008196E1 /* Libs */,
				3E9F5A951A6832C8008196E1 /* Resources */,
				3E7A9E311A68321D0039F91A /* Images.xcassets */,
				3E7A9E201A68321D0039F91A /* Supporting Files */,
			);
			path = YALCorePlotBlogPost;
			sourceTree = "<group>";
		};
		3E7A9E201A68321D0039F91A /* Supporting Files */ = {
			isa = PBXGroup;
			children = (
				3E7A9E211A68321D0039F91A /* YALCorePlotBlogPost-Info.plist */,
				3E7A9E221A68321D0039F91A /* InfoPlist.strings */,
				3E7A9E251A68321D0039F91A /* main.m */,
				3E7A9E271A68321D0039F91A /* YALCorePlotBlogPost-Prefix.pch */,
			);
			name = "Supporting Files";
			sourceTree = "<group>";
		};
		3E7A9E3E1A68321D0039F91A /* YALCorePlotBlogPostTests */ = {
			isa = PBXGroup;
			children = (
				3E7A9E441A68321D0039F91A /* YALCorePlotBlogPostTests.m */,
				3E7A9E3F1A68321D0039F91A /* Supporting Files */,
			);
			path = YALCorePlotBlogPostTests;
			sourceTree = "<group>";
		};
		3E7A9E3F1A68321D0039F91A /* Supporting Files */ = {
			isa = PBXGroup;
			children = (
				3E7A9E401A68321D0039F91A /* YALCorePlotBlogPostTests-Info.plist */,
				3E7A9E411A68321D0039F91A /* InfoPlist.strings */,
			);
			name = "Supporting Files";
			sourceTree = "<group>";
		};
		3E85909B1A6A6AD100C36384 /* Categories */ = {
			isa = PBXGroup;
			children = (
				3E85909C1A6A6AD100C36384 /* NSDate */,
				3E85909D1A6A6AD100C36384 /* UIColor */,
			);
			path = Categories;
			sourceTree = "<group>";
		};
		3E85909C1A6A6AD100C36384 /* NSDate */ = {
			isa = PBXGroup;
			children = (
				3E8590E81A6A772300C36384 /* NSDate+YALBeginningAndEndOfTheDay.h */,
				3E8590E91A6A772300C36384 /* NSDate+YALBeginningAndEndOfTheDay.m */,
			);
			path = NSDate;
			sourceTree = "<group>";
		};
		3E85909D1A6A6AD100C36384 /* UIColor */ = {
			isa = PBXGroup;
			children = (
				3E8590EB1A6A774000C36384 /* UIColor+YALColorFromHexString.h */,
				3E8590EC1A6A774000C36384 /* UIColor+YALColorFromHexString.m */,
			);
			path = UIColor;
			sourceTree = "<group>";
		};
		3E85909E1A6A6AD100C36384 /* Importers */ = {
			isa = PBXGroup;
			children = (
				3E85909F1A6A6AD100C36384 /* DefaultDataImporter */,
			);
			path = Importers;
			sourceTree = "<group>";
		};
		3E85909F1A6A6AD100C36384 /* DefaultDataImporter */ = {
			isa = PBXGroup;
			children = (
				3E8590E51A6A761C00C36384 /* YALDefaulltDatamporter.h */,
				3E8590E61A6A761C00C36384 /* YALDefaulltDatamporter.m */,
			);
			path = DefaultDataImporter;
			sourceTree = "<group>";
		};
		3E8590A01A6A6B7E00C36384 /* YALBarChartView */ = {
			isa = PBXGroup;
			children = (
				3E8590DB1A6A720500C36384 /* YALBarChartProtocol.h */,
				3E8590A41A6A6B9F00C36384 /* YALBarChartView.h */,
				3E8590A51A6A6B9F00C36384 /* YALBarChartView.m */,
			);
			path = YALBarChartView;
			sourceTree = "<group>";
		};
		3E8590A11A6A6B7E00C36384 /* YALPieChartView */ = {
			isa = PBXGroup;
			children = (
				3E8590A71A6A6C6A00C36384 /* YALPieChartProtocol.h */,
				3E8590A81A6A6C6A00C36384 /* YALPieChartView.h */,
				3E8590A91A6A6C6A00C36384 /* YALPieChartView.m */,
			);
			path = YALPieChartView;
			sourceTree = "<group>";
		};
		3E8590A21A6A6B7E00C36384 /* YALStackedBarChartView */ = {
			isa = PBXGroup;
			children = (
				3E8590AB1A6A6C7A00C36384 /* YALStackedBarChartView.h */,
				3E8590AC1A6A6C7A00C36384 /* YALStackedBarChartView.m */,
			);
			path = YALStackedBarChartView;
			sourceTree = "<group>";
		};
		3E8590AE1A6A6DA500C36384 /* DataSource */ = {
			isa = PBXGroup;
			children = (
				3E8590AF1A6A6DA500C36384 /* BarChartDataSource */,
				3E8590B21A6A6DA500C36384 /* PieChartDataSource */,
				3E8590B51A6A6DA500C36384 /* StackedBarChartDataSource */,
			);
			path = DataSource;
			sourceTree = "<group>";
		};
		3E8590AF1A6A6DA500C36384 /* BarChartDataSource */ = {
			isa = PBXGroup;
			children = (
				3E8590B01A6A6DA500C36384 /* YALBarChartViewDataSource.h */,
				3E8590B11A6A6DA500C36384 /* YALBarChartViewDataSource.m */,
			);
			path = BarChartDataSource;
			sourceTree = "<group>";
		};
		3E8590B21A6A6DA500C36384 /* PieChartDataSource */ = {
			isa = PBXGroup;
			children = (
				3E8590B31A6A6DA500C36384 /* YALPieChartViewDataSource.h */,
				3E8590B41A6A6DA500C36384 /* YALPieChartViewDataSource.m */,
			);
			path = PieChartDataSource;
			sourceTree = "<group>";
		};
		3E8590B51A6A6DA500C36384 /* StackedBarChartDataSource */ = {
			isa = PBXGroup;
			children = (
				3E8590B61A6A6DA500C36384 /* Helpers */,
				3E8590BD1A6A6DA500C36384 /* YALStackedBarChartDataSource.h */,
				3E8590BE1A6A6DA500C36384 /* YALStackedBarChartDataSource.m */,
			);
			path = StackedBarChartDataSource;
			sourceTree = "<group>";
		};
		3E8590B61A6A6DA500C36384 /* Helpers */ = {
			isa = PBXGroup;
			children = (
				3E8590B71A6A6DA500C36384 /* YALStackedBarChartObject.h */,
				3E8590B81A6A6DA500C36384 /* YALStackedBarChartObject.m */,
				3E8590B91A6A6DA500C36384 /* YALStackedBarChartSection.h */,
				3E8590BA1A6A6DA500C36384 /* YALStackedBarChartSection.m */,
				3E8590BB1A6A6DA500C36384 /* YALStackedBarChartSectionDataSource.h */,
				3E8590BC1A6A6DA500C36384 /* YALStackedBarChartSectionDataSource.m */,
			);
			path = Helpers;
			sourceTree = "<group>";
		};
		3E8590D11A6A705700C36384 /* YALExerciseHelpers */ = {
			isa = PBXGroup;
			children = (
				3E8590DC1A6A743500C36384 /* YALExercise+YALBarChartProtocol.h */,
				3E8590DD1A6A743500C36384 /* YALExercise+YALBarChartProtocol.m */,
				3E8590E01A6A743500C36384 /* YALExercise+YALPieChartProtocol.h */,
				3E8590E11A6A743500C36384 /* YALExercise+YALPieChartProtocol.m */,
			);
			path = YALExerciseHelpers;
			sourceTree = "<group>";
		};
		3E9F5A8F1A6832C8008196E1 /* AppDelegate */ = {
			isa = PBXGroup;
			children = (
				3E9F5A901A6832C8008196E1 /* YALAppDelegate.h */,
				3E9F5A911A6832C8008196E1 /* YALAppDelegate.m */,
			);
			path = AppDelegate;
			sourceTree = "<group>";
		};
		3E9F5A921A6832C8008196E1 /* Helpers */ = {
			isa = PBXGroup;
			children = (
				3E85909B1A6A6AD100C36384 /* Categories */,
				3E85909E1A6A6AD100C36384 /* Importers */,
			);
			path = Helpers;
			sourceTree = "<group>";
		};
		3E9F5A931A6832C8008196E1 /* Libs */ = {
			isa = PBXGroup;
			children = (
				3E9F5A9C1A683353008196E1 /* MagicalRecord */,
			);
			path = Libs;
			sourceTree = "<group>";
		};
		3E9F5A941A6832C8008196E1 /* Model */ = {
			isa = PBXGroup;
			children = (
				3E8590AE1A6A6DA500C36384 /* DataSource */,
				3E9F5B081A683631008196E1 /* YALExercise */,
				3E9F5B0B1A683631008196E1 /* YALSet */,
				3E9F5AF71A6834EC008196E1 /* YALDefaultDataModel.xcdatamodeld */,
			);
			path = Model;
			sourceTree = "<group>";
		};
		3E9F5A951A6832C8008196E1 /* Resources */ = {
			isa = PBXGroup;
			children = (
				3E8590C51A6A6E1600C36384 /* YALExercises.plist */,
			);
			path = Resources;
			sourceTree = "<group>";
		};
		3E9F5A961A6832C8008196E1 /* Storyboard */ = {
			isa = PBXGroup;
			children = (
				3E9F5A971A6832C8008196E1 /* Main.storyboard */,
			);
			path = Storyboard;
			sourceTree = "<group>";
		};
		3E9F5A991A6832C8008196E1 /* View */ = {
			isa = PBXGroup;
			children = (
				3E8590A01A6A6B7E00C36384 /* YALBarChartView */,
				3E8590A11A6A6B7E00C36384 /* YALPieChartView */,
				3E8590A21A6A6B7E00C36384 /* YALStackedBarChartView */,
			);
			path = View;
			sourceTree = "<group>";
		};
		3E9F5A9C1A683353008196E1 /* MagicalRecord */ = {
			isa = PBXGroup;
			children = (
				3E9F5A9D1A683353008196E1 /* Categories */,
				3E9F5AC91A683353008196E1 /* Core */,
				3E9F5ADB1A683353008196E1 /* CoreData+MagicalRecord.h */,
			);
			path = MagicalRecord;
			sourceTree = "<group>";
		};
		3E9F5A9D1A683353008196E1 /* Categories */ = {
			isa = PBXGroup;
			children = (
				3E9F5A9E1A683353008196E1 /* DataImport */,
				3E9F5AAD1A683353008196E1 /* NSManagedObject */,
				3E9F5AB81A683353008196E1 /* NSManagedObjectContext */,
				3E9F5AC31A683353008196E1 /* NSManagedObjectModel+MagicalRecord.h */,
				3E9F5AC41A683353008196E1 /* NSManagedObjectModel+MagicalRecord.m */,
				3E9F5AC51A683353008196E1 /* NSPersistentStore+MagicalRecord.h */,
				3E9F5AC61A683353008196E1 /* NSPersistentStore+MagicalRecord.m */,
				3E9F5AC71A683353008196E1 /* NSPersistentStoreCoordinator+MagicalRecord.h */,
				3E9F5AC81A683353008196E1 /* NSPersistentStoreCoordinator+MagicalRecord.m */,
			);
			path = Categories;
			sourceTree = "<group>";
		};
		3E9F5A9E1A683353008196E1 /* DataImport */ = {
			isa = PBXGroup;
			children = (
				3E9F5A9F1A683353008196E1 /* MagicalImportFunctions.h */,
				3E9F5AA01A683353008196E1 /* MagicalImportFunctions.m */,
				3E9F5AA11A683353008196E1 /* NSAttributeDescription+MagicalDataImport.h */,
				3E9F5AA21A683353008196E1 /* NSAttributeDescription+MagicalDataImport.m */,
				3E9F5AA31A683353008196E1 /* NSEntityDescription+MagicalDataImport.h */,
				3E9F5AA41A683353008196E1 /* NSEntityDescription+MagicalDataImport.m */,
				3E9F5AA51A683353008196E1 /* NSNumber+MagicalDataImport.h */,
				3E9F5AA61A683353008196E1 /* NSNumber+MagicalDataImport.m */,
				3E9F5AA71A683353008196E1 /* NSObject+MagicalDataImport.h */,
				3E9F5AA81A683353008196E1 /* NSObject+MagicalDataImport.m */,
				3E9F5AA91A683353008196E1 /* NSRelationshipDescription+MagicalDataImport.h */,
				3E9F5AAA1A683353008196E1 /* NSRelationshipDescription+MagicalDataImport.m */,
				3E9F5AAB1A683353008196E1 /* NSString+MagicalDataImport.h */,
				3E9F5AAC1A683353008196E1 /* NSString+MagicalDataImport.m */,
			);
			path = DataImport;
			sourceTree = "<group>";
		};
		3E9F5AAD1A683353008196E1 /* NSManagedObject */ = {
			isa = PBXGroup;
			children = (
				3E9F5AAE1A683353008196E1 /* NSManagedObject+MagicalAggregation.h */,
				3E9F5AAF1A683353008196E1 /* NSManagedObject+MagicalAggregation.m */,
				3E9F5AB01A683353008196E1 /* NSManagedObject+MagicalDataImport.h */,
				3E9F5AB11A683353008196E1 /* NSManagedObject+MagicalDataImport.m */,
				3E9F5AB21A683353008196E1 /* NSManagedObject+MagicalFinders.h */,
				3E9F5AB31A683353008196E1 /* NSManagedObject+MagicalFinders.m */,
				3E9F5AB41A683353008196E1 /* NSManagedObject+MagicalRecord.h */,
				3E9F5AB51A683353008196E1 /* NSManagedObject+MagicalRecord.m */,
				3E9F5AB61A683353008196E1 /* NSManagedObject+MagicalRequests.h */,
				3E9F5AB71A683353008196E1 /* NSManagedObject+MagicalRequests.m */,
			);
			path = NSManagedObject;
			sourceTree = "<group>";
		};
		3E9F5AB81A683353008196E1 /* NSManagedObjectContext */ = {
			isa = PBXGroup;
			children = (
				3E9F5AB91A683353008196E1 /* NSManagedObjectContext+MagicalChainSave.h */,
				3E9F5ABA1A683353008196E1 /* NSManagedObjectContext+MagicalChainSave.m */,
				3E9F5ABB1A683353008196E1 /* NSManagedObjectContext+MagicalObserving.h */,
				3E9F5ABC1A683353008196E1 /* NSManagedObjectContext+MagicalObserving.m */,
				3E9F5ABD1A683353008196E1 /* NSManagedObjectContext+MagicalRecord.h */,
				3E9F5ABE1A683353008196E1 /* NSManagedObjectContext+MagicalRecord.m */,
				3E9F5ABF1A683353008196E1 /* NSManagedObjectContext+MagicalSaves.h */,
				3E9F5AC01A683353008196E1 /* NSManagedObjectContext+MagicalSaves.m */,
				3E9F5AC11A683353008196E1 /* NSManagedObjectContext+MagicalThreading.h */,
				3E9F5AC21A683353008196E1 /* NSManagedObjectContext+MagicalThreading.m */,
			);
			path = NSManagedObjectContext;
			sourceTree = "<group>";
		};
		3E9F5AC91A683353008196E1 /* Core */ = {
			isa = PBXGroup;
			children = (
				3E9F5ACA1A683353008196E1 /* MagicalRecord+Actions.h */,
				3E9F5ACB1A683353008196E1 /* MagicalRecord+Actions.m */,
				3E9F5ACC1A683353008196E1 /* MagicalRecord+ErrorHandling.h */,
				3E9F5ACD1A683353008196E1 /* MagicalRecord+ErrorHandling.m */,
				3E9F5ACE1A683353008196E1 /* MagicalRecord+iCloud.h */,
				3E9F5ACF1A683353008196E1 /* MagicalRecord+iCloud.m */,
				3E9F5AD01A683353008196E1 /* MagicalRecord+Options.h */,
				3E9F5AD11A683353008196E1 /* MagicalRecord+Options.m */,
				3E9F5AD21A683353008196E1 /* MagicalRecord+Setup.h */,
				3E9F5AD31A683353008196E1 /* MagicalRecord+Setup.m */,
				3E9F5AD41A683353008196E1 /* MagicalRecord+ShorthandSupport.h */,
				3E9F5AD51A683353008196E1 /* MagicalRecord+ShorthandSupport.m */,
				3E9F5AD61A683353008196E1 /* MagicalRecord.h */,
				3E9F5AD71A683353008196E1 /* MagicalRecord.m */,
				3E9F5AD81A683353008196E1 /* MagicalRecordDeprecated.h */,
				3E9F5AD91A683353008196E1 /* MagicalRecordLogging.h */,
				3E9F5ADA1A683353008196E1 /* MagicalRecordShorthand.h */,
			);
			path = Core;
			sourceTree = "<group>";
		};
		3E9F5B081A683631008196E1 /* YALExercise */ = {
			isa = PBXGroup;
			children = (
				3E8590D11A6A705700C36384 /* YALExerciseHelpers */,
				3E9F5B091A683631008196E1 /* YALExercise.h */,
				3E9F5B0A1A683631008196E1 /* YALExercise.m */,
			);
			path = YALExercise;
			sourceTree = "<group>";
		};
		3E9F5B0B1A683631008196E1 /* YALSet */ = {
			isa = PBXGroup;
			children = (
				3E9F5B0C1A683631008196E1 /* YALSet.h */,
				3E9F5B0D1A683631008196E1 /* YALSet.m */,
			);
			path = YALSet;
			sourceTree = "<group>";
		};
/* End PBXGroup section */

/* Begin PBXNativeTarget section */
		3E7A9E151A68321D0039F91A /* YALCorePlotBlogPost */ = {
			isa = PBXNativeTarget;
			buildConfigurationList = 3E7A9E481A68321D0039F91A /* Build configuration list for PBXNativeTarget "YALCorePlotBlogPost" */;
			buildPhases = (
				7997D5235595F19F344D6D16 /* Check Pods Manifest.lock */,
				3E7A9E121A68321D0039F91A /* Sources */,
				3E7A9E131A68321D0039F91A /* Frameworks */,
				3E7A9E141A68321D0039F91A /* Resources */,
				4BBBA18736361C62FE09EF97 /* Copy Pods Resources */,
			);
			buildRules = (
			);
			dependencies = (
			);
			name = YALCorePlotBlogPost;
			productName = YALCorePlotBlogPost;
			productReference = 3E7A9E161A68321D0039F91A /* YALCorePlotBlogPost.app */;
			productType = "com.apple.product-type.application";
		};
		3E7A9E361A68321D0039F91A /* YALCorePlotBlogPostTests */ = {
			isa = PBXNativeTarget;
			buildConfigurationList = 3E7A9E4B1A68321D0039F91A /* Build configuration list for PBXNativeTarget "YALCorePlotBlogPostTests" */;
			buildPhases = (
				3E7A9E331A68321D0039F91A /* Sources */,
				3E7A9E341A68321D0039F91A /* Frameworks */,
				3E7A9E351A68321D0039F91A /* Resources */,
			);
			buildRules = (
			);
			dependencies = (
				3E7A9E3D1A68321D0039F91A /* PBXTargetDependency */,
			);
			name = YALCorePlotBlogPostTests;
			productName = YALCorePlotBlogPostTests;
			productReference = 3E7A9E371A68321D0039F91A /* YALCorePlotBlogPostTests.xctest */;
			productType = "com.apple.product-type.bundle.unit-test";
		};
/* End PBXNativeTarget section */

/* Begin PBXProject section */
		3E7A9E0E1A68321D0039F91A /* Project object */ = {
			isa = PBXProject;
			attributes = {
				CLASSPREFIX = YAL;
				LastUpgradeCheck = 1200;
				ORGANIZATIONNAME = Yalantis;
				TargetAttributes = {
					3E7A9E361A68321D0039F91A = {
						TestTargetID = 3E7A9E151A68321D0039F91A;
					};
				};
			};
			buildConfigurationList = 3E7A9E111A68321D0039F91A /* Build configuration list for PBXProject "YALCorePlotBlogPost" */;
			compatibilityVersion = "Xcode 3.2";
			developmentRegion = en;
			hasScannedForEncodings = 0;
			knownRegions = (
				en,
				Base,
			);
			mainGroup = 3E7A9E0D1A68321D0039F91A;
			productRefGroup = 3E7A9E171A68321D0039F91A /* Products */;
			projectDirPath = "";
			projectRoot = "";
			targets = (
				3E7A9E151A68321D0039F91A /* YALCorePlotBlogPost */,
				3E7A9E361A68321D0039F91A /* YALCorePlotBlogPostTests */,
			);
		};
/* End PBXProject section */

/* Begin PBXResourcesBuildPhase section */
		3E7A9E141A68321D0039F91A /* Resources */ = {
			isa = PBXResourcesBuildPhase;
			buildActionMask = 2147483647;
			files = (
				3E8590C61A6A6E1600C36384 /* YALExercises.plist in Resources */,
				3E7A9E321A68321D0039F91A /* Images.xcassets in Resources */,
				3E7A9E241A68321D0039F91A /* InfoPlist.strings in Resources */,
				3E9F5A9B1A6832C8008196E1 /* Main.storyboard in Resources */,
			);
			runOnlyForDeploymentPostprocessing = 0;
		};
		3E7A9E351A68321D0039F91A /* Resources */ = {
			isa = PBXResourcesBuildPhase;
			buildActionMask = 2147483647;
			files = (
				3E7A9E431A68321D0039F91A /* InfoPlist.strings in Resources */,
			);
			runOnlyForDeploymentPostprocessing = 0;
		};
/* End PBXResourcesBuildPhase section */

/* Begin PBXShellScriptBuildPhase section */
		4BBBA18736361C62FE09EF97 /* Copy Pods Resources */ = {
			isa = PBXShellScriptBuildPhase;
			buildActionMask = 2147483647;
			files = (
			);
			inputPaths = (
			);
			name = "Copy Pods Resources";
			outputPaths = (
			);
			runOnlyForDeploymentPostprocessing = 0;
			shellPath = /bin/sh;
			shellScript = "\"${SRCROOT}/Pods/Target Support Files/Pods-YALCorePlotBlogPost/Pods-YALCorePlotBlogPost-resources.sh\"\n";
			showEnvVarsInLog = 0;
		};
		7997D5235595F19F344D6D16 /* Check Pods Manifest.lock */ = {
			isa = PBXShellScriptBuildPhase;
			buildActionMask = 2147483647;
			files = (
			);
			inputPaths = (
			);
			name = "Check Pods Manifest.lock";
			outputPaths = (
			);
			runOnlyForDeploymentPostprocessing = 0;
			shellPath = /bin/sh;
			shellScript = "diff \"${PODS_ROOT}/../Podfile.lock\" \"${PODS_ROOT}/Manifest.lock\" > /dev/null\nif [[ $? != 0 ]] ; then\n    cat << EOM\nerror: The sandbox is not in sync with the Podfile.lock. Run 'pod install' or update your CocoaPods installation.\nEOM\n    exit 1\nfi\n";
			showEnvVarsInLog = 0;
		};
/* End PBXShellScriptBuildPhase section */

/* Begin PBXSourcesBuildPhase section */
		3E7A9E121A68321D0039F91A /* Sources */ = {
			isa = PBXSourcesBuildPhase;
			buildActionMask = 2147483647;
			files = (
				3E9F5AE71A683353008196E1 /* NSManagedObject+MagicalRequests.m in Sources */,
				3E9F5ADD1A683353008196E1 /* NSAttributeDescription+MagicalDataImport.m in Sources */,
				3E8590A61A6A6B9F00C36384 /* YALBarChartView.m in Sources */,
				3E9F5AF01A683353008196E1 /* MagicalRecord+Actions.m in Sources */,
				3E9F5AEF1A683353008196E1 /* NSPersistentStoreCoordinator+MagicalRecord.m in Sources */,
				3E9F5AE01A683353008196E1 /* NSObject+MagicalDataImport.m in Sources */,
				3E8590C41A6A6DA500C36384 /* YALStackedBarChartDataSource.m in Sources */,
				3E9F5AE41A683353008196E1 /* NSManagedObject+MagicalDataImport.m in Sources */,
				3E9F5AF21A683353008196E1 /* MagicalRecord+iCloud.m in Sources */,
				3E8590C21A6A6DA500C36384 /* YALStackedBarChartSection.m in Sources */,
				3E8590E21A6A743500C36384 /* YALExercise+YALBarChartProtocol.m in Sources */,
				3E9F5AEA1A683353008196E1 /* NSManagedObjectContext+MagicalRecord.m in Sources */,
				3E9F5AED1A683353008196E1 /* NSManagedObjectModel+MagicalRecord.m in Sources */,
				3E7A9E261A68321D0039F91A /* main.m in Sources */,
				3E8590C31A6A6DA500C36384 /* YALStackedBarChartSectionDataSource.m in Sources */,
				3E9F5AF51A683353008196E1 /* MagicalRecord+ShorthandSupport.m in Sources */,
				3E9F5AE51A683353008196E1 /* NSManagedObject+MagicalFinders.m in Sources */,
				3E9F5AE91A683353008196E1 /* NSManagedObjectContext+MagicalObserving.m in Sources */,
				3E8590E41A6A743500C36384 /* YALExercise+YALPieChartProtocol.m in Sources */,
				3E8590C11A6A6DA500C36384 /* YALStackedBarChartObject.m in Sources */,
				3E9F5ADE1A683353008196E1 /* NSEntityDescription+MagicalDataImport.m in Sources */,
				3E9F5AF91A6834EC008196E1 /* YALDefaultDataModel.xcdatamodeld in Sources */,
				3E9F5AEB1A683353008196E1 /* NSManagedObjectContext+MagicalSaves.m in Sources */,
				3E9F5AEE1A683353008196E1 /* NSPersistentStore+MagicalRecord.m in Sources */,
				3E8590E71A6A761C00C36384 /* YALDefaulltDatamporter.m in Sources */,
				3E9F5AF41A683353008196E1 /* MagicalRecord+Setup.m in Sources */,
				3E8590AA1A6A6C6A00C36384 /* YALPieChartView.m in Sources */,
				3E8590C01A6A6DA500C36384 /* YALPieChartViewDataSource.m in Sources */,
				3E9F5A9A1A6832C8008196E1 /* YALAppDelegate.m in Sources */,
				3E8590ED1A6A774000C36384 /* UIColor+YALColorFromHexString.m in Sources */,
				3E9F5AE61A683353008196E1 /* NSManagedObject+MagicalRecord.m in Sources */,
				3E9F5AE21A683353008196E1 /* NSString+MagicalDataImport.m in Sources */,
				3E9F5B0F1A683631008196E1 /* YALSet.m in Sources */,
				3E9F5AF31A683353008196E1 /* MagicalRecord+Options.m in Sources */,
				3E9F5AE11A683353008196E1 /* NSRelationshipDescription+MagicalDataImport.m in Sources */,
				3E9F5ADC1A683353008196E1 /* MagicalImportFunctions.m in Sources */,
				3E9F5AEC1A683353008196E1 /* NSManagedObjectContext+MagicalThreading.m in Sources */,
				3E9F5ADF1A683353008196E1 /* NSNumber+MagicalDataImport.m in Sources */,
				3E9F5AE31A683353008196E1 /* NSManagedObject+MagicalAggregation.m in Sources */,
				3E9F5AF61A683353008196E1 /* MagicalRecord.m in Sources */,
				3E9F5AE81A683353008196E1 /* NSManagedObjectContext+MagicalChainSave.m in Sources */,
				3E8590EA1A6A772300C36384 /* NSDate+YALBeginningAndEndOfTheDay.m in Sources */,
				3E9F5AF11A683353008196E1 /* MagicalRecord+ErrorHandling.m in Sources */,
				3E8590BF1A6A6DA500C36384 /* YALBarChartViewDataSource.m in Sources */,
				3E9F5B0E1A683631008196E1 /* YALExercise.m in Sources */,
				3E8590AD1A6A6C7A00C36384 /* YALStackedBarChartView.m in Sources */,
			);
			runOnlyForDeploymentPostprocessing = 0;
		};
		3E7A9E331A68321D0039F91A /* Sources */ = {
			isa = PBXSourcesBuildPhase;
			buildActionMask = 2147483647;
			files = (
				3E7A9E451A68321D0039F91A /* YALCorePlotBlogPostTests.m in Sources */,
			);
			runOnlyForDeploymentPostprocessing = 0;
		};
/* End PBXSourcesBuildPhase section */

/* Begin PBXTargetDependency section */
		3E7A9E3D1A68321D0039F91A /* PBXTargetDependency */ = {
			isa = PBXTargetDependency;
			target = 3E7A9E151A68321D0039F91A /* YALCorePlotBlogPost */;
			targetProxy = 3E7A9E3C1A68321D0039F91A /* PBXContainerItemProxy */;
		};
/* End PBXTargetDependency section */

/* Begin PBXVariantGroup section */
		3E7A9E221A68321D0039F91A /* InfoPlist.strings */ = {
			isa = PBXVariantGroup;
			children = (
				3E7A9E231A68321D0039F91A /* en */,
			);
			name = InfoPlist.strings;
			sourceTree = "<group>";
		};
		3E7A9E411A68321D0039F91A /* InfoPlist.strings */ = {
			isa = PBXVariantGroup;
			children = (
				3E7A9E421A68321D0039F91A /* en */,
			);
			name = InfoPlist.strings;
			sourceTree = "<group>";
		};
		3E9F5A971A6832C8008196E1 /* Main.storyboard */ = {
			isa = PBXVariantGroup;
			children = (
				3E9F5A981A6832C8008196E1 /* Base */,
			);
			name = Main.storyboard;
			sourceTree = "<group>";
		};
/* End PBXVariantGroup section */

/* Begin XCBuildConfiguration section */
		3E7A9E461A68321D0039F91A /* Debug */ = {
			isa = XCBuildConfiguration;
			buildSettings = {
				ALWAYS_SEARCH_USER_PATHS = NO;
				CLANG_ANALYZER_LOCALIZABILITY_NONLOCALIZED = YES;
				CLANG_CXX_LANGUAGE_STANDARD = "gnu++0x";
				CLANG_CXX_LIBRARY = "libc++";
				CLANG_ENABLE_MODULES = YES;
				CLANG_ENABLE_OBJC_ARC = YES;
				CLANG_WARN_BLOCK_CAPTURE_AUTORELEASING = YES;
				CLANG_WARN_BOOL_CONVERSION = YES;
				CLANG_WARN_COMMA = YES;
				CLANG_WARN_CONSTANT_CONVERSION = YES;
				CLANG_WARN_DEPRECATED_OBJC_IMPLEMENTATIONS = YES;
				CLANG_WARN_DIRECT_OBJC_ISA_USAGE = YES_ERROR;
				CLANG_WARN_EMPTY_BODY = YES;
				CLANG_WARN_ENUM_CONVERSION = YES;
				CLANG_WARN_INFINITE_RECURSION = YES;
				CLANG_WARN_INT_CONVERSION = YES;
				CLANG_WARN_NON_LITERAL_NULL_CONVERSION = YES;
				CLANG_WARN_OBJC_IMPLICIT_RETAIN_SELF = YES;
				CLANG_WARN_OBJC_LITERAL_CONVERSION = YES;
				CLANG_WARN_OBJC_ROOT_CLASS = YES_ERROR;
				CLANG_WARN_QUOTED_INCLUDE_IN_FRAMEWORK_HEADER = YES;
				CLANG_WARN_RANGE_LOOP_ANALYSIS = YES;
				CLANG_WARN_STRICT_PROTOTYPES = YES;
				CLANG_WARN_SUSPICIOUS_MOVE = YES;
				CLANG_WARN_UNREACHABLE_CODE = YES;
				CLANG_WARN__DUPLICATE_METHOD_MATCH = YES;
				"CODE_SIGN_IDENTITY[sdk=iphoneos*]" = "iPhone Developer";
				COPY_PHASE_STRIP = NO;
				ENABLE_STRICT_OBJC_MSGSEND = YES;
				ENABLE_TESTABILITY = YES;
				GCC_C_LANGUAGE_STANDARD = gnu99;
				GCC_DYNAMIC_NO_PIC = NO;
				GCC_NO_COMMON_BLOCKS = YES;
				GCC_OPTIMIZATION_LEVEL = 0;
				GCC_PREPROCESSOR_DEFINITIONS = (
					"DEBUG=1",
					"$(inherited)",
				);
				GCC_SYMBOLS_PRIVATE_EXTERN = NO;
				GCC_WARN_64_TO_32_BIT_CONVERSION = YES;
				GCC_WARN_ABOUT_RETURN_TYPE = YES_ERROR;
				GCC_WARN_UNDECLARED_SELECTOR = YES;
				GCC_WARN_UNINITIALIZED_AUTOS = YES_AGGRESSIVE;
				GCC_WARN_UNUSED_FUNCTION = YES;
				GCC_WARN_UNUSED_VARIABLE = YES;
				IPHONEOS_DEPLOYMENT_TARGET = 12.0;
				ONLY_ACTIVE_ARCH = YES;
				SDKROOT = iphoneos;
			};
			name = Debug;
		};
		3E7A9E471A68321D0039F91A /* Release */ = {
			isa = XCBuildConfiguration;
			buildSettings = {
				ALWAYS_SEARCH_USER_PATHS = NO;
				CLANG_ANALYZER_LOCALIZABILITY_NONLOCALIZED = YES;
				CLANG_CXX_LANGUAGE_STANDARD = "gnu++0x";
				CLANG_CXX_LIBRARY = "libc++";
				CLANG_ENABLE_MODULES = YES;
				CLANG_ENABLE_OBJC_ARC = YES;
				CLANG_WARN_BLOCK_CAPTURE_AUTORELEASING = YES;
				CLANG_WARN_BOOL_CONVERSION = YES;
				CLANG_WARN_COMMA = YES;
				CLANG_WARN_CONSTANT_CONVERSION = YES;
				CLANG_WARN_DEPRECATED_OBJC_IMPLEMENTATIONS = YES;
				CLANG_WARN_DIRECT_OBJC_ISA_USAGE = YES_ERROR;
				CLANG_WARN_EMPTY_BODY = YES;
				CLANG_WARN_ENUM_CONVERSION = YES;
				CLANG_WARN_INFINITE_RECURSION = YES;
				CLANG_WARN_INT_CONVERSION = YES;
				CLANG_WARN_NON_LITERAL_NULL_CONVERSION = YES;
				CLANG_WARN_OBJC_IMPLICIT_RETAIN_SELF = YES;
				CLANG_WARN_OBJC_LITERAL_CONVERSION = YES;
				CLANG_WARN_OBJC_ROOT_CLASS = YES_ERROR;
				CLANG_WARN_QUOTED_INCLUDE_IN_FRAMEWORK_HEADER = YES;
				CLANG_WARN_RANGE_LOOP_ANALYSIS = YES;
				CLANG_WARN_STRICT_PROTOTYPES = YES;
				CLANG_WARN_SUSPICIOUS_MOVE = YES;
				CLANG_WARN_UNREACHABLE_CODE = YES;
				CLANG_WARN__DUPLICATE_METHOD_MATCH = YES;
				"CODE_SIGN_IDENTITY[sdk=iphoneos*]" = "iPhone Developer";
				COPY_PHASE_STRIP = YES;
				ENABLE_NS_ASSERTIONS = NO;
				ENABLE_STRICT_OBJC_MSGSEND = YES;
				GCC_C_LANGUAGE_STANDARD = gnu99;
				GCC_NO_COMMON_BLOCKS = YES;
				GCC_WARN_64_TO_32_BIT_CONVERSION = YES;
				GCC_WARN_ABOUT_RETURN_TYPE = YES_ERROR;
				GCC_WARN_UNDECLARED_SELECTOR = YES;
				GCC_WARN_UNINITIALIZED_AUTOS = YES_AGGRESSIVE;
				GCC_WARN_UNUSED_FUNCTION = YES;
				GCC_WARN_UNUSED_VARIABLE = YES;
				IPHONEOS_DEPLOYMENT_TARGET = 12.0;
				SDKROOT = iphoneos;
				VALIDATE_PRODUCT = YES;
			};
			name = Release;
		};
		3E7A9E491A68321D0039F91A /* Debug */ = {
			isa = XCBuildConfiguration;
			baseConfigurationReference = B7EED04A4EDAD5EA86D0BC66 /* Pods-YALCorePlotBlogPost.debug.xcconfig */;
			buildSettings = {
				ASSETCATALOG_COMPILER_APPICON_NAME = AppIcon;
				ASSETCATALOG_COMPILER_LAUNCHIMAGE_NAME = LaunchImage;
				GCC_PRECOMPILE_PREFIX_HEADER = YES;
				GCC_PREFIX_HEADER = "YALCorePlotBlogPost/YALCorePlotBlogPost-Prefix.pch";
				INFOPLIST_FILE = "YALCorePlotBlogPost/YALCorePlotBlogPost-Info.plist";
				PRODUCT_BUNDLE_IDENTIFIER = "Yalantis.${PRODUCT_NAME:rfc1034identifier}";
				PRODUCT_NAME = "$(TARGET_NAME)";
				WRAPPER_EXTENSION = app;
			};
			name = Debug;
		};
		3E7A9E4A1A68321D0039F91A /* Release */ = {
			isa = XCBuildConfiguration;
			baseConfigurationReference = C967D74464BDA83F36FD8D84 /* Pods-YALCorePlotBlogPost.release.xcconfig */;
			buildSettings = {
				ASSETCATALOG_COMPILER_APPICON_NAME = AppIcon;
				ASSETCATALOG_COMPILER_LAUNCHIMAGE_NAME = LaunchImage;
				GCC_PRECOMPILE_PREFIX_HEADER = YES;
				GCC_PREFIX_HEADER = "YALCorePlotBlogPost/YALCorePlotBlogPost-Prefix.pch";
				INFOPLIST_FILE = "YALCorePlotBlogPost/YALCorePlotBlogPost-Info.plist";
				PRODUCT_BUNDLE_IDENTIFIER = "Yalantis.${PRODUCT_NAME:rfc1034identifier}";
				PRODUCT_NAME = "$(TARGET_NAME)";
				WRAPPER_EXTENSION = app;
			};
			name = Release;
		};
		3E7A9E4C1A68321D0039F91A /* Debug */ = {
			isa = XCBuildConfiguration;
			buildSettings = {
				BUNDLE_LOADER = "$(BUILT_PRODUCTS_DIR)/YALCorePlotBlogPost.app/YALCorePlotBlogPost";
				FRAMEWORK_SEARCH_PATHS = (
					"$(SDKROOT)/Developer/Library/Frameworks",
					"$(inherited)",
					"$(DEVELOPER_FRAMEWORKS_DIR)",
				);
				GCC_PRECOMPILE_PREFIX_HEADER = YES;
				GCC_PREFIX_HEADER = "YALCorePlotBlogPost/YALCorePlotBlogPost-Prefix.pch";
				GCC_PREPROCESSOR_DEFINITIONS = (
					"DEBUG=1",
					"$(inherited)",
				);
				INFOPLIST_FILE = "YALCorePlotBlogPostTests/YALCorePlotBlogPostTests-Info.plist";
				PRODUCT_BUNDLE_IDENTIFIER = "Yalantis.${PRODUCT_NAME:rfc1034identifier}";
				PRODUCT_NAME = "$(TARGET_NAME)";
				TEST_HOST = "$(BUNDLE_LOADER)";
				WRAPPER_EXTENSION = xctest;
			};
			name = Debug;
		};
		3E7A9E4D1A68321D0039F91A /* Release */ = {
			isa = XCBuildConfiguration;
			buildSettings = {
				BUNDLE_LOADER = "$(BUILT_PRODUCTS_DIR)/YALCorePlotBlogPost.app/YALCorePlotBlogPost";
				FRAMEWORK_SEARCH_PATHS = (
					"$(SDKROOT)/Developer/Library/Frameworks",
					"$(inherited)",
					"$(DEVELOPER_FRAMEWORKS_DIR)",
				);
				GCC_PRECOMPILE_PREFIX_HEADER = YES;
				GCC_PREFIX_HEADER = "YALCorePlotBlogPost/YALCorePlotBlogPost-Prefix.pch";
				INFOPLIST_FILE = "YALCorePlotBlogPostTests/YALCorePlotBlogPostTests-Info.plist";
				PRODUCT_BUNDLE_IDENTIFIER = "Yalantis.${PRODUCT_NAME:rfc1034identifier}";
				PRODUCT_NAME = "$(TARGET_NAME)";
				TEST_HOST = "$(BUNDLE_LOADER)";
				WRAPPER_EXTENSION = xctest;
			};
			name = Release;
		};
/* End XCBuildConfiguration section */

/* Begin XCConfigurationList section */
		3E7A9E111A68321D0039F91A /* Build configuration list for PBXProject "YALCorePlotBlogPost" */ = {
			isa = XCConfigurationList;
			buildConfigurations = (
				3E7A9E461A68321D0039F91A /* Debug */,
				3E7A9E471A68321D0039F91A /* Release */,
			);
			defaultConfigurationIsVisible = 0;
			defaultConfigurationName = Release;
		};
		3E7A9E481A68321D0039F91A /* Build configuration list for PBXNativeTarget "YALCorePlotBlogPost" */ = {
			isa = XCConfigurationList;
			buildConfigurations = (
				3E7A9E491A68321D0039F91A /* Debug */,
				3E7A9E4A1A68321D0039F91A /* Release */,
			);
			defaultConfigurationIsVisible = 0;
			defaultConfigurationName = Release;
		};
		3E7A9E4B1A68321D0039F91A /* Build configuration list for PBXNativeTarget "YALCorePlotBlogPostTests" */ = {
			isa = XCConfigurationList;
			buildConfigurations = (
				3E7A9E4C1A68321D0039F91A /* Debug */,
				3E7A9E4D1A68321D0039F91A /* Release */,
			);
			defaultConfigurationIsVisible = 0;
			defaultConfigurationName = Release;
		};
/* End XCConfigurationList section */

/* Begin XCVersionGroup section */
		3E9F5AF71A6834EC008196E1 /* YALDefaultDataModel.xcdatamodeld */ = {
			isa = XCVersionGroup;
			children = (
				3E9F5AF81A6834EC008196E1 /* YALDefaultDataModel.xcdatamodel */,
			);
			currentVersion = 3E9F5AF81A6834EC008196E1 /* YALDefaultDataModel.xcdatamodel */;
			path = YALDefaultDataModel.xcdatamodeld;
			sourceTree = "<group>";
			versionGroupType = wrapper.xcdatamodel;
		};
/* End XCVersionGroup section */
	};
	rootObject = 3E7A9E0E1A68321D0039F91A /* Project object */;
}
